{
  "name": "xarray-dataclasses",
  "lockfileVersion": 2,
  "requires": true,
  "packages": {
    "": {
      "devDependencies": {
        "pyright": "~1.1"
      }
    },
    "node_modules/pyright": {
      "version": "1.1.205",
      "resolved": "https://registry.npmjs.org/pyright/-/pyright-1.1.205.tgz",
      "integrity": "sha512-i9ZrcZmNt/6d1YUs475mPm5+hp/t5sBp0qcV/6Yvjj/UAVDGX/+3BCuuoAmWP/R3SYjOYTAFcAcGxTLsCT7Dhg==",
      "dev": true,
      "bin": {
        "pyright": "index.js",
        "pyright-langserver": "langserver.index.js"
      },
      "engines": {
        "node": ">=12.0.0"
      }
    }
  },
  "dependencies": {
    "pyright": {
      "version": "1.1.205",
      "resolved": "https://registry.npmjs.org/pyright/-/pyright-1.1.205.tgz",
      "integrity": "sha512-i9ZrcZmNt/6d1YUs475mPm5+hp/t5sBp0qcV/6Yvjj/UAVDGX/+3BCuuoAmWP/R3SYjOYTAFcAcGxTLsCT7Dhg==",
      "dev": true
    }
  }
}
